// !$*UTF8*$!
{
	archiveVersion = 1;
	classes = {
	};
	objectVersion = 46;
	objects = {

/* Begin PBXBuildFile section */
		0CB54CAA1B4D382600262296 /* main.m in Sources */ = {isa = PBXBuildFile; fileRef = 0CB54CA91B4D382600262296 /* main.m */; };
		0CB54CAD1B4D382600262296 /* AppDelegate.m in Sources */ = {isa = PBXBuildFile; fileRef = 0CB54CAC1B4D382600262296 /* AppDelegate.m */; };
		0CB54CB31B4D382600262296 /* Main.storyboard in Resources */ = {isa = PBXBuildFile; fileRef = 0CB54CB11B4D382600262296 /* Main.storyboard */; };
		0CB54CB51B4D382600262296 /* Images.xcassets in Resources */ = {isa = PBXBuildFile; fileRef = 0CB54CB41B4D382600262296 /* Images.xcassets */; };
		0CB54CB81B4D382600262296 /* LaunchScreen.xib in Resources */ = {isa = PBXBuildFile; fileRef = 0CB54CB61B4D382600262296 /* LaunchScreen.xib */; };
		0CB54CC41B4D382600262296 /* DGTestProjectTests.m in Sources */ = {isa = PBXBuildFile; fileRef = 0CB54CC31B4D382600262296 /* DGTestProjectTests.m */; };
		0CB54CD41B4D7A3200262296 /* DGViewController.m in Sources */ = {isa = PBXBuildFile; fileRef = 0CB54CD31B4D7A3200262296 /* DGViewController.m */; };
		0CB54CD71B4D7A4100262296 /* DGMainViewController.m in Sources */ = {isa = PBXBuildFile; fileRef = 0CB54CD61B4D7A4100262296 /* DGMainViewController.m */; };
		0CB54CDA1B4D7A5100262296 /* DGDetailsViewController.m in Sources */ = {isa = PBXBuildFile; fileRef = 0CB54CD91B4D7A5100262296 /* DGDetailsViewController.m */; };
		0CB54CDD1B4D7A7100262296 /* DGModelObject.m in Sources */ = {isa = PBXBuildFile; fileRef = 0CB54CDC1B4D7A7100262296 /* DGModelObject.m */; };
		0CB54CE01B4D7A9800262296 /* DGModelItem.m in Sources */ = {isa = PBXBuildFile; fileRef = 0CB54CDF1B4D7A9800262296 /* DGModelItem.m */; };
		0CB54CE31B4D82D300262296 /* DGItemViewCell.m in Sources */ = {isa = PBXBuildFile; fileRef = 0CB54CE21B4D82D300262296 /* DGItemViewCell.m */; };
		0CB54CE51B4D835000262296 /* DGUtilits.m in Sources */ = {isa = PBXBuildFile; fileRef = 0CB54CE41B4D835000262296 /* DGUtilits.m */; };
/* End PBXBuildFile section */

/* Begin PBXContainerItemProxy section */
		0CB54CBE1B4D382600262296 /* PBXContainerItemProxy */ = {
			isa = PBXContainerItemProxy;
			containerPortal = 0CB54C9C1B4D382600262296 /* Project object */;
			proxyType = 1;
			remoteGlobalIDString = 0CB54CA31B4D382600262296;
			remoteInfo = DGTestProject;
		};
/* End PBXContainerItemProxy section */

/* Begin PBXFileReference section */
		0CB54CA41B4D382600262296 /* DGTestProject.app */ = {isa = PBXFileReference; explicitFileType = wrapper.application; includeInIndex = 0; path = DGTestProject.app; sourceTree = BUILT_PRODUCTS_DIR; };
		0CB54CA81B4D382600262296 /* Info.plist */ = {isa = PBXFileReference; lastKnownFileType = text.plist.xml; path = Info.plist; sourceTree = "<group>"; };
		0CB54CA91B4D382600262296 /* main.m */ = {isa = PBXFileReference; lastKnownFileType = sourcecode.c.objc; path = main.m; sourceTree = "<group>"; };
		0CB54CAB1B4D382600262296 /* AppDelegate.h */ = {isa = PBXFileReference; lastKnownFileType = sourcecode.c.h; path = AppDelegate.h; sourceTree = "<group>"; };
		0CB54CAC1B4D382600262296 /* AppDelegate.m */ = {isa = PBXFileReference; lastKnownFileType = sourcecode.c.objc; path = AppDelegate.m; sourceTree = "<group>"; };
		0CB54CB21B4D382600262296 /* Base */ = {isa = PBXFileReference; lastKnownFileType = file.storyboard; name = Base; path = Base.lproj/Main.storyboard; sourceTree = "<group>"; };
		0CB54CB41B4D382600262296 /* Images.xcassets */ = {isa = PBXFileReference; lastKnownFileType = folder.assetcatalog; path = Images.xcassets; sourceTree = "<group>"; };
		0CB54CB71B4D382600262296 /* Base */ = {isa = PBXFileReference; lastKnownFileType = file.xib; name = Base; path = Base.lproj/LaunchScreen.xib; sourceTree = "<group>"; };
		0CB54CBD1B4D382600262296 /* DGTestProjectTests.xctest */ = {isa = PBXFileReference; explicitFileType = wrapper.cfbundle; includeInIndex = 0; path = DGTestProjectTests.xctest; sourceTree = BUILT_PRODUCTS_DIR; };
		0CB54CC21B4D382600262296 /* Info.plist */ = {isa = PBXFileReference; lastKnownFileType = text.plist.xml; path = Info.plist; sourceTree = "<group>"; };
		0CB54CC31B4D382600262296 /* DGTestProjectTests.m */ = {isa = PBXFileReference; lastKnownFileType = sourcecode.c.objc; path = DGTestProjectTests.m; sourceTree = "<group>"; };
		0CB54CD21B4D7A3200262296 /* DGViewController.h */ = {isa = PBXFileReference; fileEncoding = 4; lastKnownFileType = sourcecode.c.h; path = DGViewController.h; sourceTree = "<group>"; };
		0CB54CD31B4D7A3200262296 /* DGViewController.m */ = {isa = PBXFileReference; fileEncoding = 4; lastKnownFileType = sourcecode.c.objc; path = DGViewController.m; sourceTree = "<group>"; };
		0CB54CD51B4D7A4100262296 /* DGMainViewController.h */ = {isa = PBXFileReference; fileEncoding = 4; lastKnownFileType = sourcecode.c.h; path = DGMainViewController.h; sourceTree = "<group>"; };
		0CB54CD61B4D7A4100262296 /* DGMainViewController.m */ = {isa = PBXFileReference; fileEncoding = 4; lastKnownFileType = sourcecode.c.objc; path = DGMainViewController.m; sourceTree = "<group>"; };
		0CB54CD81B4D7A5100262296 /* DGDetailsViewController.h */ = {isa = PBXFileReference; fileEncoding = 4; lastKnownFileType = sourcecode.c.h; path = DGDetailsViewController.h; sourceTree = "<group>"; };
		0CB54CD91B4D7A5100262296 /* DGDetailsViewController.m */ = {isa = PBXFileReference; fileEncoding = 4; lastKnownFileType = sourcecode.c.objc; path = DGDetailsViewController.m; sourceTree = "<group>"; };
		0CB54CDB1B4D7A7100262296 /* DGModelObject.h */ = {isa = PBXFileReference; fileEncoding = 4; lastKnownFileType = sourcecode.c.h; path = DGModelObject.h; sourceTree = "<group>"; };
		0CB54CDC1B4D7A7100262296 /* DGModelObject.m */ = {isa = PBXFileReference; fileEncoding = 4; lastKnownFileType = sourcecode.c.objc; path = DGModelObject.m; sourceTree = "<group>"; };
		0CB54CDE1B4D7A9800262296 /* DGModelItem.h */ = {isa = PBXFileReference; fileEncoding = 4; lastKnownFileType = sourcecode.c.h; path = DGModelItem.h; sourceTree = "<group>"; };
		0CB54CDF1B4D7A9800262296 /* DGModelItem.m */ = {isa = PBXFileReference; fileEncoding = 4; lastKnownFileType = sourcecode.c.objc; path = DGModelItem.m; sourceTree = "<group>"; };
		0CB54CE11B4D82D300262296 /* DGItemViewCell.h */ = {isa = PBXFileReference; fileEncoding = 4; lastKnownFileType = sourcecode.c.h; path = DGItemViewCell.h; sourceTree = "<group>"; };
		0CB54CE21B4D82D300262296 /* DGItemViewCell.m */ = {isa = PBXFileReference; fileEncoding = 4; lastKnownFileType = sourcecode.c.objc; path = DGItemViewCell.m; sourceTree = "<group>"; };
		0CB54CE41B4D835000262296 /* DGUtilits.m */ = {isa = PBXFileReference; fileEncoding = 4; lastKnownFileType = sourcecode.c.objc; path = DGUtilits.m; sourceTree = "<group>"; };
		0CB54CE61B4D835900262296 /* DGUtilits.h */ = {isa = PBXFileReference; lastKnownFileType = sourcecode.c.h; path = DGUtilits.h; sourceTree = "<group>"; };
/* End PBXFileReference section */

/* Begin PBXFrameworksBuildPhase section */
		0CB54CA11B4D382600262296 /* Frameworks */ = {
			isa = PBXFrameworksBuildPhase;
			buildActionMask = 2147483647;
			files = (
			);
			runOnlyForDeploymentPostprocessing = 0;
		};
		0CB54CBA1B4D382600262296 /* Frameworks */ = {
			isa = PBXFrameworksBuildPhase;
			buildActionMask = 2147483647;
			files = (
			);
			runOnlyForDeploymentPostprocessing = 0;
		};
/* End PBXFrameworksBuildPhase section */

/* Begin PBXGroup section */
		0CB54C9B1B4D382600262296 = {
			isa = PBXGroup;
			children = (
				0CB54CA61B4D382600262296 /* DGTestProject */,
				0CB54CC01B4D382600262296 /* DGTestProjectTests */,
				0CB54CA51B4D382600262296 /* Products */,
			);
			sourceTree = "<group>";
		};
		0CB54CA51B4D382600262296 /* Products */ = {
			isa = PBXGroup;
			children = (
				0CB54CA41B4D382600262296 /* DGTestProject.app */,
				0CB54CBD1B4D382600262296 /* DGTestProjectTests.xctest */,
			);
			name = Products;
			sourceTree = "<group>";
		};
		0CB54CA61B4D382600262296 /* DGTestProject */ = {
			isa = PBXGroup;
			children = (
				0CB54CAB1B4D382600262296 /* AppDelegate.h */,
				0CB54CAC1B4D382600262296 /* AppDelegate.m */,
				0CB54CD01B4D53A300262296 /* Utilits */,
				0CB54CD11B4D53A300262296 /* ViewControllers */,
				0CB54CCD1B4D53A300262296 /* Compenents */,
				0CB54CCF1B4D53A300262296 /* Services */,
				0CB54CCE1B4D53A300262296 /* Model */,
				0CB54CB11B4D382600262296 /* Main.storyboard */,
				0CB54CB41B4D382600262296 /* Images.xcassets */,
				0CB54CB61B4D382600262296 /* LaunchScreen.xib */,
				0CB54CA71B4D382600262296 /* Supporting Files */,
			);
			path = DGTestProject;
			sourceTree = "<group>";
		};
		0CB54CA71B4D382600262296 /* Supporting Files */ = {
			isa = PBXGroup;
			children = (
				0CB54CA81B4D382600262296 /* Info.plist */,
				0CB54CA91B4D382600262296 /* main.m */,
			);
			name = "Supporting Files";
			sourceTree = "<group>";
		};
		0CB54CC01B4D382600262296 /* DGTestProjectTests */ = {
			isa = PBXGroup;
			children = (
				0CB54CC31B4D382600262296 /* DGTestProjectTests.m */,
				0CB54CC11B4D382600262296 /* Supporting Files */,
			);
			path = DGTestProjectTests;
			sourceTree = "<group>";
		};
		0CB54CC11B4D382600262296 /* Supporting Files */ = {
			isa = PBXGroup;
			children = (
				0CB54CC21B4D382600262296 /* Info.plist */,
			);
			name = "Supporting Files";
			sourceTree = "<group>";
		};
		0CB54CCD1B4D53A300262296 /* Compenents */ = {
			isa = PBXGroup;
			children = (
				0CB54CE11B4D82D300262296 /* DGItemViewCell.h */,
				0CB54CE21B4D82D300262296 /* DGItemViewCell.m */,
			);
			path = Compenents;
			sourceTree = "<group>";
		};
		0CB54CCE1B4D53A300262296 /* Model */ = {
			isa = PBXGroup;
			children = (
				0CB54CDB1B4D7A7100262296 /* DGModelObject.h */,
				0CB54CDC1B4D7A7100262296 /* DGModelObject.m */,
				0CB54CDE1B4D7A9800262296 /* DGModelItem.h */,
				0CB54CDF1B4D7A9800262296 /* DGModelItem.m */,
			);
			path = Model;
			sourceTree = "<group>";
		};
		0CB54CCF1B4D53A300262296 /* Services */ = {
			isa = PBXGroup;
			children = (
			);
			path = Services;
			sourceTree = "<group>";
		};
		0CB54CD01B4D53A300262296 /* Utilits */ = {
			isa = PBXGroup;
			children = (
				0CB54CE61B4D835900262296 /* DGUtilits.h */,
				0CB54CE41B4D835000262296 /* DGUtilits.m */,
			);
			path = Utilits;
			sourceTree = "<group>";
		};
		0CB54CD11B4D53A300262296 /* ViewControllers */ = {
			isa = PBXGroup;
			children = (
				0CB54CD21B4D7A3200262296 /* DGViewController.h */,
				0CB54CD31B4D7A3200262296 /* DGViewController.m */,
				0CB54CD51B4D7A4100262296 /* DGMainViewController.h */,
				0CB54CD61B4D7A4100262296 /* DGMainViewController.m */,
				0CB54CD81B4D7A5100262296 /* DGDetailsViewController.h */,
				0CB54CD91B4D7A5100262296 /* DGDetailsViewController.m */,
			);
			path = ViewControllers;
			sourceTree = "<group>";
		};
/* End PBXGroup section */

/* Begin PBXNativeTarget section */
		0CB54CA31B4D382600262296 /* DGTestProject */ = {
			isa = PBXNativeTarget;
			buildConfigurationList = 0CB54CC71B4D382600262296 /* Build configuration list for PBXNativeTarget "DGTestProject" */;
			buildPhases = (
				0CB54CA01B4D382600262296 /* Sources */,
				0CB54CA11B4D382600262296 /* Frameworks */,
				0CB54CA21B4D382600262296 /* Resources */,
			);
			buildRules = (
			);
			dependencies = (
			);
			name = DGTestProject;
			productName = DGTestProject;
			productReference = 0CB54CA41B4D382600262296 /* DGTestProject.app */;
			productType = "com.apple.product-type.application";
		};
		0CB54CBC1B4D382600262296 /* DGTestProjectTests */ = {
			isa = PBXNativeTarget;
			buildConfigurationList = 0CB54CCA1B4D382600262296 /* Build configuration list for PBXNativeTarget "DGTestProjectTests" */;
			buildPhases = (
				0CB54CB91B4D382600262296 /* Sources */,
				0CB54CBA1B4D382600262296 /* Frameworks */,
				0CB54CBB1B4D382600262296 /* Resources */,
			);
			buildRules = (
			);
			dependencies = (
				0CB54CBF1B4D382600262296 /* PBXTargetDependency */,
			);
			name = DGTestProjectTests;
			productName = DGTestProjectTests;
			productReference = 0CB54CBD1B4D382600262296 /* DGTestProjectTests.xctest */;
			productType = "com.apple.product-type.bundle.unit-test";
		};
/* End PBXNativeTarget section */

/* Begin PBXProject section */
		0CB54C9C1B4D382600262296 /* Project object */ = {
			isa = PBXProject;
			attributes = {
				LastUpgradeCheck = 0640;
				ORGANIZATIONNAME = DGTestProject;
				TargetAttributes = {
					0CB54CA31B4D382600262296 = {
						CreatedOnToolsVersion = 6.4;
					};
					0CB54CBC1B4D382600262296 = {
						CreatedOnToolsVersion = 6.4;
						TestTargetID = 0CB54CA31B4D382600262296;
					};
				};
			};
			buildConfigurationList = 0CB54C9F1B4D382600262296 /* Build configuration list for PBXProject "DGTestProject" */;
			compatibilityVersion = "Xcode 3.2";
			developmentRegion = English;
			hasScannedForEncodings = 0;
			knownRegions = (
				en,
				Base,
			);
			mainGroup = 0CB54C9B1B4D382600262296;
			productRefGroup = 0CB54CA51B4D382600262296 /* Products */;
			projectDirPath = "";
			projectRoot = "";
			targets = (
				0CB54CA31B4D382600262296 /* DGTestProject */,
				0CB54CBC1B4D382600262296 /* DGTestProjectTests */,
			);
		};
/* End PBXProject section */

/* Begin PBXResourcesBuildPhase section */
		0CB54CA21B4D382600262296 /* Resources */ = {
			isa = PBXResourcesBuildPhase;
			buildActionMask = 2147483647;
			files = (
				0CB54CB31B4D382600262296 /* Main.storyboard in Resources */,
				0CB54CB81B4D382600262296 /* LaunchScreen.xib in Resources */,
				0CB54CB51B4D382600262296 /* Images.xcassets in Resources */,
			);
			runOnlyForDeploymentPostprocessing = 0;
		};
		0CB54CBB1B4D382600262296 /* Resources */ = {
			isa = PBXResourcesBuildPhase;
			buildActionMask = 2147483647;
			files = (
			);
			runOnlyForDeploymentPostprocessing = 0;
		};
/* End PBXResourcesBuildPhase section */

/* Begin PBXSourcesBuildPhase section */
		0CB54CA01B4D382600262296 /* Sources */ = {
			isa = PBXSourcesBuildPhase;
			buildActionMask = 2147483647;
			files = (
				0CB54CE31B4D82D300262296 /* DGItemViewCell.m in Sources */,
				0CB54CAD1B4D382600262296 /* AppDelegate.m in Sources */,
				0CB54CAA1B4D382600262296 /* main.m in Sources */,
				0CB54CE01B4D7A9800262296 /* DGModelItem.m in Sources */,
				0CB54CD71B4D7A4100262296 /* DGMainViewController.m in Sources */,
				0CB54CDA1B4D7A5100262296 /* DGDetailsViewController.m in Sources */,
				0CB54CD41B4D7A3200262296 /* DGViewController.m in Sources */,
				0CB54CE51B4D835000262296 /* DGUtilits.m in Sources */,
				0CB54CDD1B4D7A7100262296 /* DGModelObject.m in Sources */,
			);
			runOnlyForDeploymentPostprocessing = 0;
		};
		0CB54CB91B4D382600262296 /* Sources */ = {
			isa = PBXSourcesBuildPhase;
			buildActionMask = 2147483647;
			files = (
				0CB54CC41B4D382600262296 /* DGTestProjectTests.m in Sources */,
			);
			runOnlyForDeploymentPostprocessing = 0;
		};
/* End PBXSourcesBuildPhase section */

/* Begin PBXTargetDependency section */
		0CB54CBF1B4D382600262296 /* PBXTargetDependency */ = {
			isa = PBXTargetDependency;
			target = 0CB54CA31B4D382600262296 /* DGTestProject */;
			targetProxy = 0CB54CBE1B4D382600262296 /* PBXContainerItemProxy */;
		};
/* End PBXTargetDependency section */

/* Begin PBXVariantGroup section */
		0CB54CB11B4D382600262296 /* Main.storyboard */ = {
			isa = PBXVariantGroup;
			children = (
				0CB54CB21B4D382600262296 /* Base */,
			);
			name = Main.storyboard;
			sourceTree = "<group>";
		};
		0CB54CB61B4D382600262296 /* LaunchScreen.xib */ = {
			isa = PBXVariantGroup;
			children = (
				0CB54CB71B4D382600262296 /* Base */,
			);
			name = LaunchScreen.xib;
			sourceTree = "<group>";
		};
/* End PBXVariantGroup section */

/* Begin XCBuildConfiguration section */
		0CB54CC51B4D382600262296 /* Debug */ = {
			isa = XCBuildConfiguration;
			buildSettings = {
				ALWAYS_SEARCH_USER_PATHS = NO;
				CLANG_CXX_LANGUAGE_STANDARD = "gnu++0x";
				CLANG_CXX_LIBRARY = "libc++";
				CLANG_ENABLE_MODULES = YES;
				CLANG_ENABLE_OBJC_ARC = YES;
				CLANG_WARN_BOOL_CONVERSION = YES;
				CLANG_WARN_CONSTANT_CONVERSION = YES;
				CLANG_WARN_DIRECT_OBJC_ISA_USAGE = YES_ERROR;
				CLANG_WARN_EMPTY_BODY = YES;
				CLANG_WARN_ENUM_CONVERSION = YES;
				CLANG_WARN_INT_CONVERSION = YES;
				CLANG_WARN_OBJC_ROOT_CLASS = YES_ERROR;
				CLANG_WARN_UNREACHABLE_CODE = YES;
				CLANG_WARN__DUPLICATE_METHOD_MATCH = YES;
				"CODE_SIGN_IDENTITY[sdk=iphoneos*]" = "iPhone Developer";
				COPY_PHASE_STRIP = NO;
				DEBUG_INFORMATION_FORMAT = "dwarf-with-dsym";
				ENABLE_STRICT_OBJC_MSGSEND = YES;
				GCC_C_LANGUAGE_STANDARD = gnu99;
				GCC_DYNAMIC_NO_PIC = NO;
				GCC_NO_COMMON_BLOCKS = YES;
				GCC_OPTIMIZATION_LEVEL = 0;
				GCC_PREPROCESSOR_DEFINITIONS = (
					"DEBUG=1",
					"$(inherited)",
				);
				GCC_SYMBOLS_PRIVATE_EXTERN = NO;
				GCC_WARN_64_TO_32_BIT_CONVERSION = YES;
				GCC_WARN_ABOUT_RETURN_TYPE = YES_ERROR;
				GCC_WARN_UNDECLARED_SELECTOR = YES;
				GCC_WARN_UNINITIALIZED_AUTOS = YES_AGGRESSIVE;
				GCC_WARN_UNUSED_FUNCTION = YES;
				GCC_WARN_UNUSED_VARIABLE = YES;
				IPHONEOS_DEPLOYMENT_TARGET = 7.0;
				MTL_ENABLE_DEBUG_INFO = YES;
				ONLY_ACTIVE_ARCH = YES;
				SDKROOT = iphoneos;
				TARGETED_DEVICE_FAMILY = "1,2";
			};
			name = Debug;
		};
		0CB54CC61B4D382600262296 /* Release */ = {
			isa = XCBuildConfiguration;
			buildSettings = {
				ALWAYS_SEARCH_USER_PATHS = NO;
				CLANG_CXX_LANGUAGE_STANDARD = "gnu++0x";
				CLANG_CXX_LIBRARY = "libc++";
				CLANG_ENABLE_MODULES = YES;
				CLANG_ENABLE_OBJC_ARC = YES;
				CLANG_WARN_BOOL_CONVERSION = YES;
				CLANG_WARN_CONSTANT_CONVERSION = YES;
				CLANG_WARN_DIRECT_OBJC_ISA_USAGE = YES_ERROR;
				CLANG_WARN_EMPTY_BODY = YES;
				CLANG_WARN_ENUM_CONVERSION = YES;
				CLANG_WARN_INT_CONVERSION = YES;
				CLANG_WARN_OBJC_ROOT_CLASS = YES_ERROR;
				CLANG_WARN_UNREACHABLE_CODE = YES;
				CLANG_WARN__DUPLICATE_METHOD_MATCH = YES;
				"CODE_SIGN_IDENTITY[sdk=iphoneos*]" = "iPhone Developer";
				COPY_PHASE_STRIP = NO;
				DEBUG_INFORMATION_FORMAT = "dwarf-with-dsym";
				ENABLE_NS_ASSERTIONS = NO;
				ENABLE_STRICT_OBJC_MSGSEND = YES;
				GCC_C_LANGUAGE_STANDARD = gnu99;
				GCC_NO_COMMON_BLOCKS = YES;
				GCC_WARN_64_TO_32_BIT_CONVERSION = YES;
				GCC_WARN_ABOUT_RETURN_TYPE = YES_ERROR;
				GCC_WARN_UNDECLARED_SELECTOR = YES;
				GCC_WARN_UNINITIALIZED_AUTOS = YES_AGGRESSIVE;
				GCC_WARN_UNUSED_FUNCTION = YES;
				GCC_WARN_UNUSED_VARIABLE = YES;
				IPHONEOS_DEPLOYMENT_TARGET = 7.0;
				MTL_ENABLE_DEBUG_INFO = NO;
				SDKROOT = iphoneos;
				TARGETED_DEVICE_FAMILY = "1,2";
				VALIDATE_PRODUCT = YES;
			};
			name = Release;
		};
		0CB54CC81B4D382600262296 /* Debug */ = {
			isa = XCBuildConfiguration;
			buildSettings = {
				ASSETCATALOG_COMPILER_APPICON_NAME = AppIcon;
				INFOPLIST_FILE = DGTestProject/Info.plist;
				LD_RUNPATH_SEARCH_PATHS = "$(inherited) @executable_path/Frameworks";
				PRODUCT_NAME = "$(TARGET_NAME)";
			};
			name = Debug;
		};
		0CB54CC91B4D382600262296 /* Release */ = {
			isa = XCBuildConfiguration;
			buildSettings = {
				ASSETCATALOG_COMPILER_APPICON_NAME = AppIcon;
				INFOPLIST_FILE = DGTestProject/Info.plist;
				LD_RUNPATH_SEARCH_PATHS = "$(inherited) @executable_path/Frameworks";
				PRODUCT_NAME = "$(TARGET_NAME)";
			};
			name = Release;
		};
		0CB54CCB1B4D382600262296 /* Debug */ = {
			isa = XCBuildConfiguration;
			buildSettings = {
				BUNDLE_LOADER = "$(TEST_HOST)";
				FRAMEWORK_SEARCH_PATHS = (
					"$(SDKROOT)/Developer/Library/Frameworks",
					"$(inherited)",
				);
				GCC_PREPROCESSOR_DEFINITIONS = (
					"DEBUG=1",
					"$(inherited)",
				);
				INFOPLIST_FILE = DGTestProjectTests/Info.plist;
				LD_RUNPATH_SEARCH_PATHS = "$(inherited) @executable_path/Frameworks @loader_path/Frameworks";
				PRODUCT_NAME = "$(TARGET_NAME)";
				TEST_HOST = "$(BUILT_PRODUCTS_DIR)/DGTestProject.app/DGTestProject";
			};
			name = Debug;
		};
		0CB54CCC1B4D382600262296 /* Release */ = {
			isa = XCBuildConfiguration;
			buildSettings = {
				BUNDLE_LOADER = "$(TEST_HOST)";
				FRAMEWORK_SEARCH_PATHS = (
					"$(SDKROOT)/Developer/Library/Frameworks",
					"$(inherited)",
				);
				INFOPLIST_FILE = DGTestProjectTests/Info.plist;
				LD_RUNPATH_SEARCH_PATHS = "$(inherited) @executable_path/Frameworks @loader_path/Frameworks";
				PRODUCT_NAME = "$(TARGET_NAME)";
				TEST_HOST = "$(BUILT_PRODUCTS_DIR)/DGTestProject.app/DGTestProject";
			};
			name = Release;
		};
/* End XCBuildConfiguration section */

/* Begin XCConfigurationList section */
		0CB54C9F1B4D382600262296 /* Build configuration list for PBXProject "DGTestProject" */ = {
			isa = XCConfigurationList;
			buildConfigurations = (
				0CB54CC51B4D382600262296 /* Debug */,
				0CB54CC61B4D382600262296 /* Release */,
			);
			defaultConfigurationIsVisible = 0;
			defaultConfigurationName = Release;
		};
		0CB54CC71B4D382600262296 /* Build configuration list for PBXNativeTarget "DGTestProject" */ = {
			isa = XCConfigurationList;
			buildConfigurations = (
				0CB54CC81B4D382600262296 /* Debug */,
				0CB54CC91B4D382600262296 /* Release */,
			);
			defaultConfigurationIsVisible = 0;
			defaultConfigurationName = Release;
		};
		0CB54CCA1B4D382600262296 /* Build configuration list for PBXNativeTarget "DGTestProjectTests" */ = {
			isa = XCConfigurationList;
			buildConfigurations = (
				0CB54CCB1B4D382600262296 /* Debug */,
				0CB54CCC1B4D382600262296 /* Release */,
			);
			defaultConfigurationIsVisible = 0;
			defaultConfigurationName = Release;
		};
/* End XCConfigurationList section */
	};
	rootObject = 0CB54C9C1B4D382600262296 /* Project object */;
}
